
Microsoft Visual Studio Solution File, Format Version 12.00
# Visual Studio Version 16
VisualStudioVersion = 16.0.30503.244
MinimumVisualStudioVersion = 10.0.40219.1
Project("{FAE04EC0-301F-11D3-BF4B-00C04F79EFBC}") = "TaxServices", "TaxServices\TaxServices.csproj", "{6111CFBA-849E-4B27-8618-E6A2F56A26F2}"
EndProject
Project("{FAE04EC0-301F-11D3-BF4B-00C04F79EFBC}") = "TaxJarDemo", "TaxJarDemo\TaxJarDemo.csproj", "{1B537DEF-2E94-417F-8550-642A209FA0D2}"
EndProject
Project("{FAE04EC0-301F-11D3-BF4B-00C04F79EFBC}") = "UnitTestTaxServices", "UnitTestTaxServices\UnitTestTaxServices.csproj", "{FAC53957-9678-4878-B985-76091FDBE47F}"
EndProject
Global
	GlobalSection(SolutionConfigurationPlatforms) = preSolution
		Debug|Any CPU = Debug|Any CPU
		Release|Any CPU = Release|Any CPU
	EndGlobalSection
	GlobalSection(ProjectConfigurationPlatforms) = postSolution
		{6111CFBA-849E-4B27-8618-E6A2F56A26F2}.Debug|Any CPU.ActiveCfg = Debug|Any CPU
		{6111CFBA-849E-4B27-8618-E6A2F56A26F2}.Debug|Any CPU.Build.0 = Debug|Any CPU
		{6111CFBA-849E-4B27-8618-E6A2F56A26F2}.Release|Any CPU.ActiveCfg = Release|Any CPU
		{6111CFBA-849E-4B27-8618-E6A2F56A26F2}.Release|Any CPU.Build.0 = Release|Any CPU
		{1B537DEF-2E94-417F-8550-642A209FA0D2}.Debug|Any CPU.ActiveCfg = Debug|Any CPU
		{1B537DEF-2E94-417F-8550-642A209FA0D2}.Debug|Any CPU.Build.0 = Debug|Any CPU
		{1B537DEF-2E94-417F-8550-642A209FA0D2}.Release|Any CPU.ActiveCfg = Release|Any CPU
		{1B537DEF-2E94-417F-8550-642A209FA0D2}.Release|Any CPU.Build.0 = Release|Any CPU
		{FAC53957-9678-4878-B985-76091FDBE47F}.Debug|Any CPU.ActiveCfg = Debug|Any CPU
		{FAC53957-9678-4878-B985-76091FDBE47F}.Debug|Any CPU.Build.0 = Debug|Any CPU
		{FAC53957-9678-4878-B985-76091FDBE47F}.Release|Any CPU.ActiveCfg = Release|Any CPU
		{FAC53957-9678-4878-B985-76091FDBE47F}.Release|Any CPU.Build.0 = Release|Any CPU
	EndGlobalSection
	GlobalSection(SolutionProperties) = preSolution
		HideSolutionNode = FALSE
	EndGlobalSection
	GlobalSection(ExtensibilityGlobals) = postSolution
		SolutionGuid = {D4334EFE-6992-43CB-8FDB-604A617B111C}
	EndGlobalSection
EndGlobal
